
Microsoft Visual Studio Solution File, Format Version 12.00
# Visual Studio Version 17
VisualStudioVersion = 17.12.35527.113 d17.12
MinimumVisualStudioVersion = 10.0.40219.1
Project("{FAE04EC0-301F-11D3-BF4B-00C04F79EFBC}") = "InforceUrlShortener.API", "InforceUrlShortener.API\InforceUrlShortener.API.csproj", "{EE6F9610-B052-4785-B6F8-23E5D65C12C1}"
EndProject
Project("{FAE04EC0-301F-11D3-BF4B-00C04F79EFBC}") = "InforceUrlShortener.Domain", "InforceUrlShortener.Domain\InforceUrlShortener.Domain.csproj", "{72535EC1-A4F2-47C4-B706-AE825DC8BDDA}"
EndProject
Project("{FAE04EC0-301F-11D3-BF4B-00C04F79EFBC}") = "InforceUrlShortener.Infrastructure", "InforceUrlShortener.Infrastructure\InforceUrlShortener.Infrastructure.csproj", "{21EC6673-BB70-4730-AD16-21F07C91E4D2}"
EndProject
Project("{FAE04EC0-301F-11D3-BF4B-00C04F79EFBC}") = "InforceUrlShortener.Application", "InforceUrlShortener.Application\InforceUrlShortener.Application.csproj", "{1D715A0A-263D-4AC1-BDEE-388BC0E68B48}"
EndProject
Global
	GlobalSection(SolutionConfigurationPlatforms) = preSolution
		Debug|Any CPU = Debug|Any CPU
		Release|Any CPU = Release|Any CPU
	EndGlobalSection
	GlobalSection(ProjectConfigurationPlatforms) = postSolution
		{EE6F9610-B052-4785-B6F8-23E5D65C12C1}.Debug|Any CPU.ActiveCfg = Debug|Any CPU
		{EE6F9610-B052-4785-B6F8-23E5D65C12C1}.Debug|Any CPU.Build.0 = Debug|Any CPU
		{EE6F9610-B052-4785-B6F8-23E5D65C12C1}.Release|Any CPU.ActiveCfg = Release|Any CPU
		{EE6F9610-B052-4785-B6F8-23E5D65C12C1}.Release|Any CPU.Build.0 = Release|Any CPU
		{72535EC1-A4F2-47C4-B706-AE825DC8BDDA}.Debug|Any CPU.ActiveCfg = Debug|Any CPU
		{72535EC1-A4F2-47C4-B706-AE825DC8BDDA}.Debug|Any CPU.Build.0 = Debug|Any CPU
		{72535EC1-A4F2-47C4-B706-AE825DC8BDDA}.Release|Any CPU.ActiveCfg = Release|Any CPU
		{72535EC1-A4F2-47C4-B706-AE825DC8BDDA}.Release|Any CPU.Build.0 = Release|Any CPU
		{21EC6673-BB70-4730-AD16-21F07C91E4D2}.Debug|Any CPU.ActiveCfg = Debug|Any CPU
		{21EC6673-BB70-4730-AD16-21F07C91E4D2}.Debug|Any CPU.Build.0 = Debug|Any CPU
		{21EC6673-BB70-4730-AD16-21F07C91E4D2}.Release|Any CPU.ActiveCfg = Release|Any CPU
		{21EC6673-BB70-4730-AD16-21F07C91E4D2}.Release|Any CPU.Build.0 = Release|Any CPU
		{1D715A0A-263D-4AC1-BDEE-388BC0E68B48}.Debug|Any CPU.ActiveCfg = Debug|Any CPU
		{1D715A0A-263D-4AC1-BDEE-388BC0E68B48}.Debug|Any CPU.Build.0 = Debug|Any CPU
		{1D715A0A-263D-4AC1-BDEE-388BC0E68B48}.Release|Any CPU.ActiveCfg = Release|Any CPU
		{1D715A0A-263D-4AC1-BDEE-388BC0E68B48}.Release|Any CPU.Build.0 = Release|Any CPU
	EndGlobalSection
	GlobalSection(SolutionProperties) = preSolution
		HideSolutionNode = FALSE
	EndGlobalSection
EndGlobal
